
Microsoft Visual Studio Solution File, Format Version 12.00
# Visual Studio Version 16
VisualStudioVersion = 16.0.30413.136
MinimumVisualStudioVersion = 10.0.40219.1
Project("{FAE04EC0-301F-11D3-BF4B-00C04F79EFBC}") = "종이의 개수", "ConsoleApp1112\종이의 개수.csproj", "{777EB2DB-B8E6-4AA9-A7F0-7A0CE4F6A733}"
EndProject
Project("{FAE04EC0-301F-11D3-BF4B-00C04F79EFBC}") = "테트로미노", "ConsoleApp11123123\테트로미노.csproj", "{1CB0BBB4-F958-4865-9BEA-6CC2D91FBCFF}"
EndProject
Project("{FAE04EC0-301F-11D3-BF4B-00C04F79EFBC}") = "ACM 호텔", "ACM 호텔\ACM 호텔.csproj", "{CA76E3EC-3A13-40BC-8C3D-21EA42A203FB}"
EndProject
Project("{FAE04EC0-301F-11D3-BF4B-00C04F79EFBC}") = "요세푸스 문제 0", "요세푸스 문제 0\요세푸스 문제 0.csproj", "{28EA3448-E54A-4653-B00D-8EB495FDAEC4}"
EndProject
Project("{FAE04EC0-301F-11D3-BF4B-00C04F79EFBC}") = "Hashing", "Hashing\Hashing.csproj", "{1D012DDA-E88D-499E-BD60-7D01C1D80779}"
EndProject
Project("{9A19103F-16F7-4668-BE54-9A1E7A4F7556}") = "맥주 마시면서 걸어가기", "맥주 마시면서 걸어가기\맥주 마시면서 걸어가기.csproj", "{15C877FC-A4E3-4AA0-A133-A9A6A19A1FD5}"
EndProject
Project("{9A19103F-16F7-4668-BE54-9A1E7A4F7556}") = "요세푸스 문제 0 2", "요세푸스 문제 0 2\요세푸스 문제 0 2.csproj", "{016A8665-F5CB-407D-A1C3-D79813B574AD}"
EndProject
Project("{9A19103F-16F7-4668-BE54-9A1E7A4F7556}") = "X와 K", "X와 K\X와 K.csproj", "{653F40F8-5A16-4EFB-83CE-541BF81D288B}"
EndProject
Project("{9A19103F-16F7-4668-BE54-9A1E7A4F7556}") = "소문난 칠공주", "소문난 칠공주\소문난 칠공주.csproj", "{C5E433B9-1A11-4C51-AF95-839C40BE370C}"
EndProject
Project("{9A19103F-16F7-4668-BE54-9A1E7A4F7556}") = "완전제곱수", "완전제곱수\완전제곱수.csproj", "{3067A6AC-3337-4A2E-A9AA-7EFAB68C6BDA}"
EndProject
Project("{9A19103F-16F7-4668-BE54-9A1E7A4F7556}") = "설탕 배달", "설탕 배달\설탕 배달.csproj", "{A1D3C0B8-BFC5-40EF-8E6C-F4A87C12F23F}"
EndProject
Project("{9A19103F-16F7-4668-BE54-9A1E7A4F7556}") = "다리 놓기", "다리 놓기\다리 놓기.csproj", "{0950C979-463E-4A46-A2A3-3DD9D4BF4B29}"
EndProject
Project("{9A19103F-16F7-4668-BE54-9A1E7A4F7556}") = "IOIOI", "IOIOI\IOIOI.csproj", "{7F4EC5E0-1F03-4CC1-B3EE-3D761D229DA5}"
EndProject
Project("{9A19103F-16F7-4668-BE54-9A1E7A4F7556}") = "아기 상어", "아기 상어\아기 상어.csproj", "{C72F20C7-4ECF-4DC2-9610-6CFC451D4C98}"
EndProject
Project("{9A19103F-16F7-4668-BE54-9A1E7A4F7556}") = "단어 공부", "단어 공부\단어 공부.csproj", "{010B9AB8-AFD4-43C7-B2D5-9C22DD7D4837}"
EndProject
Project("{9A19103F-16F7-4668-BE54-9A1E7A4F7556}") = "단어 공부2", "단어 공부2\단어 공부2.csproj", "{A4A753F4-DA0E-491F-825F-1B908E152A70}"
EndProject
Project("{9A19103F-16F7-4668-BE54-9A1E7A4F7556}") = "음계", "음계\음계.csproj", "{E49A1986-64C4-472D-89D2-49CABF4B579B}"
EndProject
Project("{9A19103F-16F7-4668-BE54-9A1E7A4F7556}") = "평균", "평균\평균.csproj", "{45A4C40C-D57A-4D0D-9105-4716DCD012CC}"
EndProject
Project("{9A19103F-16F7-4668-BE54-9A1E7A4F7556}") = "Java vs C++", "Java vs C++\Java vs C++.csproj", "{74D425DE-72CC-4414-9CC8-047176FE130E}"
EndProject
Project("{9A19103F-16F7-4668-BE54-9A1E7A4F7556}") = "최고의 피자", "최고의 피자\최고의 피자.csproj", "{C3C55FAD-65C4-487F-8E47-399D5F09F55E}"
EndProject
Project("{9A19103F-16F7-4668-BE54-9A1E7A4F7556}") = "양", "양\양.csproj", "{5F6B6BC3-E756-489B-BC26-CEC54E17915C}"
EndProject
Project("{9A19103F-16F7-4668-BE54-9A1E7A4F7556}") = "미세먼지 안녕!", "미세먼지 안녕!\미세먼지 안녕!.csproj", "{DD6A762F-0799-4872-9360-808AD68BEACB}"
EndProject
Project("{9A19103F-16F7-4668-BE54-9A1E7A4F7556}") = "치킨 배달", "치킨 배달\치킨 배달.csproj", "{C76C5003-A353-4D1B-AD12-D4F6A2304FAF}"
EndProject
Project("{9A19103F-16F7-4668-BE54-9A1E7A4F7556}") = "감시", "감시\감시.csproj", "{893B4CC5-E17C-409D-95F2-B14DF637FE0E}"
EndProject
Project("{9A19103F-16F7-4668-BE54-9A1E7A4F7556}") = "재귀", "재귀\재귀.csproj", "{A96828F4-21C4-49BC-A2FB-992155F14B6E}"
EndProject
Project("{9A19103F-16F7-4668-BE54-9A1E7A4F7556}") = "피보나치 수 5", "피보나치 수 5\피보나치 수 5.csproj", "{28982321-2860-4EFB-9FFD-BA9BF34197BB}"
EndProject
Project("{9A19103F-16F7-4668-BE54-9A1E7A4F7556}") = "별 찍기 - 10", "별 찍기 - 10\별 찍기 - 10.csproj", "{BC124FF6-9F00-45F4-88B0-10F51AEFE736}"
EndProject
Project("{9A19103F-16F7-4668-BE54-9A1E7A4F7556}") = "패션왕 신해빈", "패션왕 신해빈\패션왕 신해빈.csproj", "{4AE6FFA1-3059-4ECF-8C40-9AA7FABBA95C}"
EndProject
Project("{9A19103F-16F7-4668-BE54-9A1E7A4F7556}") = "셀프 넘버 StringBuilder", "셀프 넘버\셀프 넘버 StringBuilder.csproj", "{40076E6A-3A2A-4B47-B926-526B6B2F0A87}"
EndProject
Project("{9A19103F-16F7-4668-BE54-9A1E7A4F7556}") = "더하기 사이클", "더하기 사이클\더하기 사이클.csproj", "{CE5F1FF6-D18A-4DC3-92AF-E6D591CFDA98}"
EndProject
Project("{9A19103F-16F7-4668-BE54-9A1E7A4F7556}") = "배부른 마라토너", "배부른 마라토너\배부른 마라토너.csproj", "{3166D659-409F-4D58-9B38-AAC37EE06722}"
EndProject
Project("{9A19103F-16F7-4668-BE54-9A1E7A4F7556}") = "근손실", "근손실\근손실.csproj", "{9A838334-7C00-43D6-845D-A3ADCECB3FFC}"
EndProject
Project("{9A19103F-16F7-4668-BE54-9A1E7A4F7556}") = "수열", "수열\수열.csproj", "{F952110A-2C57-4B14-8E87-E0B7D50EF8E2}"
EndProject
Project("{9A19103F-16F7-4668-BE54-9A1E7A4F7556}") = "치즈", "치즈\치즈.csproj", "{5AC5E60D-A5E9-4F8B-9186-E31256642FCD}"
EndProject
Project("{9A19103F-16F7-4668-BE54-9A1E7A4F7556}") = "LCS 3", "LCS 3\LCS 3.csproj", "{7AC3E411-08F1-43FA-A558-B30FAAE71BAC}"
EndProject
Project("{9A19103F-16F7-4668-BE54-9A1E7A4F7556}") = "트리의 순회", "트리의 순회\트리의 순회.csproj", "{653FC62B-C57B-4E3E-993C-11CCC43791A8}"
EndProject
Project("{9A19103F-16F7-4668-BE54-9A1E7A4F7556}") = "한글 LCS", "한글 LCS\한글 LCS.csproj", "{A78B8A7E-2DB6-4E75-A61C-47330E6DC7C1}"
EndProject
Project("{9A19103F-16F7-4668-BE54-9A1E7A4F7556}") = "크리스 마틴", "크리스 마틴\크리스 마틴.csproj", "{4C476089-5F90-4150-B735-3D5FD532C11C}"
EndProject
Project("{9A19103F-16F7-4668-BE54-9A1E7A4F7556}") = "전생했더니 슬라임 연구자였던 건에 대하여 (Hard)", "전생했더니 슬라임 연구자였던 건에 대하여 (Hard)\전생했더니 슬라임 연구자였던 건에 대하여 (Hard).csproj", "{24732D86-816F-41D6-9291-3238DAB64338}"
EndProject
Project("{9A19103F-16F7-4668-BE54-9A1E7A4F7556}") = "파일 옮기기", "파일 옮기기\파일 옮기기.csproj", "{61920F34-F3F8-495E-A7F3-3DDB4C1C28EF}"
EndProject
Project("{9A19103F-16F7-4668-BE54-9A1E7A4F7556}") = "직사각형에서 탈출", "직사각형에서 탈출\직사각형에서 탈출.csproj", "{E9ABDFC2-B789-4B51-853B-C7E46EBC5B04}"
EndProject
Project("{9A19103F-16F7-4668-BE54-9A1E7A4F7556}") = "컵홀더", "컵홀더\컵홀더.csproj", "{C34183C5-C2B9-4413-A2D2-1AEA9E1D9318}"
EndProject
Project("{9A19103F-16F7-4668-BE54-9A1E7A4F7556}") = "가위 바위 보", "가위 바위 보\가위 바위 보.csproj", "{C4917099-FF3D-4FA5-BCFE-B5CF7E2B5EDA}"
EndProject
Project("{9A19103F-16F7-4668-BE54-9A1E7A4F7556}") = "용돈 관리 이분탐색", "용돈 관리\용돈 관리 이분탐색.csproj", "{E8AAC8AE-DA0F-4112-8FBC-178E14BD8A1C}"
EndProject
Project("{9A19103F-16F7-4668-BE54-9A1E7A4F7556}") = "다이나믹이 뭐예요", "다이나믹이 뭐예요\다이나믹이 뭐예요.csproj", "{7EA631C9-6140-4872-9693-862800CBDC47}"
EndProject
Project("{9A19103F-16F7-4668-BE54-9A1E7A4F7556}") = "탈출", "탈출\탈출.csproj", "{7D53271D-F818-4570-9379-736A3F781F1F}"
EndProject
Project("{9A19103F-16F7-4668-BE54-9A1E7A4F7556}") = "암호 만들기 조합", "암호 만들기\암호 만들기 조합.csproj", "{E08841EE-06C6-4566-890A-78637D566B5A}"
EndProject
Project("{9A19103F-16F7-4668-BE54-9A1E7A4F7556}") = "평범한 배낭", "평범한 배낭\평범한 배낭.csproj", "{2623A637-77F4-48C2-9828-F0865AA4266C}"
EndProject
Project("{9A19103F-16F7-4668-BE54-9A1E7A4F7556}") = "트리의 지름", "트리의 지름\트리의 지름.csproj", "{F1A8F6B2-B08F-4F36-B769-B3634DDEDED5}"
EndProject
Project("{9A19103F-16F7-4668-BE54-9A1E7A4F7556}") = "트리의 지름 2 인접리스트", "트리의 지름 2\트리의 지름 2 인접리스트.csproj", "{3365A42C-D425-4251-8FBB-2ADA79ABF660}"
EndProject
Project("{9A19103F-16F7-4668-BE54-9A1E7A4F7556}") = "RGB거리", "RGB거리\RGB거리.csproj", "{765601C1-0124-4A35-9871-2F75535A586B}"
EndProject
Project("{9A19103F-16F7-4668-BE54-9A1E7A4F7556}") = "RGB거리 2", "RGB거리 2\RGB거리 2.csproj", "{6C3CEFD4-3B06-4F12-B1E7-6E811861033C}"
EndProject
Project("{9A19103F-16F7-4668-BE54-9A1E7A4F7556}") = "기타 레슨 콤비네이션", "기타 레슨\기타 레슨 콤비네이션.csproj", "{58ED25C5-0E62-4919-90ED-CA86A02B490F}"
EndProject
Project("{9A19103F-16F7-4668-BE54-9A1E7A4F7556}") = "기타레슨 2", "기타레슨 2\기타레슨 2.csproj", "{DE0740E6-D6ED-4CCD-8BB1-6E026B27720F}"
EndProject
Project("{9A19103F-16F7-4668-BE54-9A1E7A4F7556}") = "시험 감독", "시험 감독\시험 감독.csproj", "{4DEF67CA-8A3F-4B9D-BCAA-58C4FE085522}"
EndProject
Project("{9A19103F-16F7-4668-BE54-9A1E7A4F7556}") = "애너그램", "애너그램\애너그램.csproj", "{C1C1DFF4-2EBF-4DC7-BCA4-6AF72B6A3624}"
EndProject
Project("{9A19103F-16F7-4668-BE54-9A1E7A4F7556}") = "Q-인덱스", "Q-인덱스\Q-인덱스.csproj", "{2505EE86-E1B8-4ABA-821B-989F4E710B76}"
EndProject
Project("{9A19103F-16F7-4668-BE54-9A1E7A4F7556}") = "사회망 서비스(SNS)", "사회망 서비스(SNS)\사회망 서비스(SNS).csproj", "{80BC3F50-33CC-43C4-825C-EBF773102AB0}"
EndProject
Project("{9A19103F-16F7-4668-BE54-9A1E7A4F7556}") = "소형기관차", "소형기관차\소형기관차.csproj", "{54899B02-A6EE-4332-8060-6302E068D72B}"
EndProject
Project("{9A19103F-16F7-4668-BE54-9A1E7A4F7556}") = "이진수 변환", "이진수 변환\이진수 변환.csproj", "{74BAFF78-1D64-4966-B645-AD9D429E9C23}"
EndProject
Project("{9A19103F-16F7-4668-BE54-9A1E7A4F7556}") = "알파벳 거리", "알파벳 거리\알파벳 거리.csproj", "{15073EA3-C10F-4E0B-815E-291221CF879A}"
EndProject
Project("{9A19103F-16F7-4668-BE54-9A1E7A4F7556}") = "다음수", "다음수\다음수.csproj", "{BA9ADACF-E848-4A4B-B192-08823E427FBB}"
EndProject
Project("{9A19103F-16F7-4668-BE54-9A1E7A4F7556}") = "좋은 단어", "좋은 단어\좋은 단어.csproj", "{109D9438-0DA0-4404-84B1-D009201D7260}"
EndProject
Project("{9A19103F-16F7-4668-BE54-9A1E7A4F7556}") = "Maximum Subarray", "Maximum Subarray\Maximum Subarray.csproj", "{CE2A5A53-AEB1-4FA5-BB31-98A58A942380}"
EndProject
Project("{9A19103F-16F7-4668-BE54-9A1E7A4F7556}") = "Maximum Subarray 2", "Maximum Subarray 2\Maximum Subarray 2.csproj", "{B45576E7-68C1-4793-8185-D123AD79D354}"
EndProject
Project("{9A19103F-16F7-4668-BE54-9A1E7A4F7556}") = "벽 부수고 이동하기", "벽 부수고 이동하기\벽 부수고 이동하기.csproj", "{CAFB7E03-9E16-4CBD-8E75-B646BFD22A89}"
EndProject
Project("{9A19103F-16F7-4668-BE54-9A1E7A4F7556}") = "벽_부수고_이동하기 BFS", "벽_부수고_이동하기 BFS\벽_부수고_이동하기 BFS.csproj", "{B16C0890-42D8-4510-A59A-1C1602F4D9DD}"
EndProject
Project("{9A19103F-16F7-4668-BE54-9A1E7A4F7556}") = "구슬 탈출 2", "구슬 탈출 2\구슬 탈출 2.csproj", "{A80B2885-5159-44B1-8630-EF92748FA100}"
EndProject
Project("{9A19103F-16F7-4668-BE54-9A1E7A4F7556}") = "우수 마을", "우수 마을\우수 마을.csproj", "{B9FFBB9C-A6C1-4CBF-908A-000B42A1ECC9}"
EndProject
Project("{9A19103F-16F7-4668-BE54-9A1E7A4F7556}") = "부분배열 고르기", "부분배열 고르기\부분배열 고르기.csproj", "{00F644B6-5FC3-41CA-A6FE-BAEC59C8EA22}"
EndProject
Project("{9A19103F-16F7-4668-BE54-9A1E7A4F7556}") = "부분배열 고르기 2", "부분배열 고르기 2\부분배열 고르기 2.csproj", "{8458E3FA-EA67-47F5-A6C2-E923E07AC63E}"
EndProject
Project("{9A19103F-16F7-4668-BE54-9A1E7A4F7556}") = "좌표 압축", "좌표 압축\좌표 압축.csproj", "{351B30F3-57DD-44BB-9764-3E23C2C4F05E}"
EndProject
Project("{9A19103F-16F7-4668-BE54-9A1E7A4F7556}") = "히스토그램에서 가장 큰 직사각형", "히스토그램에서 가장 큰 직사각형\히스토그램에서 가장 큰 직사각형.csproj", "{752FC082-98C8-459B-BB0E-A6076402620F}"
EndProject
Project("{9A19103F-16F7-4668-BE54-9A1E7A4F7556}") = "TV 크기", "TV 크기\TV 크기.csproj", "{275357B4-9B09-4E08-B0E2-148DE57A0770}"
EndProject
Project("{9A19103F-16F7-4668-BE54-9A1E7A4F7556}") = "!밀비 급일", "!밀비 급일\!밀비 급일.csproj", "{325E8170-4F39-4E66-913B-FD211FCC8139}"
EndProject
Project("{9A19103F-16F7-4668-BE54-9A1E7A4F7556}") = "히든 넘버", "히든 넘버\히든 넘버.csproj", "{9A0D8E8A-EE93-4CB8-9EA9-6172F484BA9E}"
EndProject
Project("{9A19103F-16F7-4668-BE54-9A1E7A4F7556}") = "한윤정이 이탈리아에 가서 아이스크림을 사먹는데", "한윤정이 이탈리아에 가서 아이스크림을 사먹는데\한윤정이 이탈리아에 가서 아이스크림을 사먹는데.csproj", "{CAAF0366-17DF-4C28-A6B9-B2CE83D88B00}"
EndProject
Project("{9A19103F-16F7-4668-BE54-9A1E7A4F7556}") = "시리얼 번호", "시리얼 번호\시리얼 번호.csproj", "{C4A0FA1A-B997-4EA5-87CF-98454EA49A66}"
EndProject
Project("{9A19103F-16F7-4668-BE54-9A1E7A4F7556}") = "그림", "그림\그림.csproj", "{034339EE-C027-409C-9E33-1A34CE135244}"
EndProject
Project("{9A19103F-16F7-4668-BE54-9A1E7A4F7556}") = "사이클 게임", "사이클 게임\사이클 게임.csproj", "{F2364F73-8DB1-4144-9944-A8B8C2D871BC}"
EndProject
Project("{9A19103F-16F7-4668-BE54-9A1E7A4F7556}") = "택배", "택배\택배.csproj", "{9583685F-30E6-4F70-A59A-FC349EC23514}"
EndProject
Project("{9A19103F-16F7-4668-BE54-9A1E7A4F7556}") = "정사각형 만들기", "정사각형 만들기\정사각형 만들기.csproj", "{ED14920E-BE8D-4CE9-8443-07368F2FBAE4}"
EndProject
Project("{9A19103F-16F7-4668-BE54-9A1E7A4F7556}") = "쉬운 계단 수", "쉬운 계단 수\쉬운 계단 수.csproj", "{C390E6FD-C6DB-47D8-BA5F-DAE3AC11C58F}"
EndProject
Project("{9A19103F-16F7-4668-BE54-9A1E7A4F7556}") = "계단 수", "계단 수\계단 수.csproj", "{3F59B926-032E-4C0A-A6AD-37CE9FC120A2}"
EndProject
Project("{9A19103F-16F7-4668-BE54-9A1E7A4F7556}") = "발전소", "발전소\발전소.csproj", "{27750809-C1D8-4FAA-85E4-521ACE307640}"
EndProject
Project("{9A19103F-16F7-4668-BE54-9A1E7A4F7556}") = "발전소 1", "발전소 1\발전소 1.csproj", "{923630D1-15D2-4C9A-AD20-3EFC23281899}"
EndProject
Project("{9A19103F-16F7-4668-BE54-9A1E7A4F7556}") = "막대기", "막대기\막대기.csproj", "{B00E681B-B26B-4FF6-B08E-5B06C84AF77B}"
EndProject
Project("{9A19103F-16F7-4668-BE54-9A1E7A4F7556}") = "파스칼 삼각형", "파스칼 삼각형\파스칼 삼각형.csproj", "{08B66995-2ED6-497D-A7D6-DEF92244EA2B}"
EndProject
Project("{FAE04EC0-301F-11D3-BF4B-00C04F79EFBC}") = "Pen Pineapple Apple Pen2", "Pen Pineapple Apple Pen2\Pen Pineapple Apple Pen2.csproj", "{9CCC8FB2-C7BF-4CFE-BAA9-DCD048D94470}"
EndProject
Project("{FAE04EC0-301F-11D3-BF4B-00C04F79EFBC}") = "단어순서 뒤집기", "단어순서 뒤집기\단어순서 뒤집기.csproj", "{36B9B7A7-48A7-49CF-92FF-1F196BBFD6A2}"
EndProject
Project("{FAE04EC0-301F-11D3-BF4B-00C04F79EFBC}") = "고무오리 디버깅", "고무오리 디버깅\고무오리 디버깅.csproj", "{FB08471E-E6E3-46B9-BD97-6D04BDC9E8D8}"
EndProject
Project("{9A19103F-16F7-4668-BE54-9A1E7A4F7556}") = "아시아 정보올림피아드", "아시아 정보올림피아드\아시아 정보올림피아드.csproj", "{B16C0DE0-9D29-4575-98AE-64669179058D}"
EndProject
Project("{9A19103F-16F7-4668-BE54-9A1E7A4F7556}") = "N과 M (2)", "N과 M (2)\N과 M (2).csproj", "{5EAFF03A-ED58-4A8D-BD73-82F7DF021F45}"
EndProject
Project("{9A19103F-16F7-4668-BE54-9A1E7A4F7556}") = "DFS와 BFS", "DFS와 BFS\DFS와 BFS.csproj", "{44AAF4AA-C116-466D-B13E-111003865E75}"
EndProject
Global
	GlobalSection(SolutionConfigurationPlatforms) = preSolution
		Debug|Any CPU = Debug|Any CPU
		Release|Any CPU = Release|Any CPU
	EndGlobalSection
	GlobalSection(ProjectConfigurationPlatforms) = postSolution
		{777EB2DB-B8E6-4AA9-A7F0-7A0CE4F6A733}.Debug|Any CPU.ActiveCfg = Debug|Any CPU
		{777EB2DB-B8E6-4AA9-A7F0-7A0CE4F6A733}.Debug|Any CPU.Build.0 = Debug|Any CPU
		{777EB2DB-B8E6-4AA9-A7F0-7A0CE4F6A733}.Release|Any CPU.ActiveCfg = Release|Any CPU
		{777EB2DB-B8E6-4AA9-A7F0-7A0CE4F6A733}.Release|Any CPU.Build.0 = Release|Any CPU
		{1CB0BBB4-F958-4865-9BEA-6CC2D91FBCFF}.Debug|Any CPU.ActiveCfg = Debug|Any CPU
		{1CB0BBB4-F958-4865-9BEA-6CC2D91FBCFF}.Debug|Any CPU.Build.0 = Debug|Any CPU
		{1CB0BBB4-F958-4865-9BEA-6CC2D91FBCFF}.Release|Any CPU.ActiveCfg = Release|Any CPU
		{1CB0BBB4-F958-4865-9BEA-6CC2D91FBCFF}.Release|Any CPU.Build.0 = Release|Any CPU
		{CA76E3EC-3A13-40BC-8C3D-21EA42A203FB}.Debug|Any CPU.ActiveCfg = Debug|Any CPU
		{CA76E3EC-3A13-40BC-8C3D-21EA42A203FB}.Debug|Any CPU.Build.0 = Debug|Any CPU
		{CA76E3EC-3A13-40BC-8C3D-21EA42A203FB}.Release|Any CPU.ActiveCfg = Release|Any CPU
		{CA76E3EC-3A13-40BC-8C3D-21EA42A203FB}.Release|Any CPU.Build.0 = Release|Any CPU
		{28EA3448-E54A-4653-B00D-8EB495FDAEC4}.Debug|Any CPU.ActiveCfg = Debug|Any CPU
		{28EA3448-E54A-4653-B00D-8EB495FDAEC4}.Debug|Any CPU.Build.0 = Debug|Any CPU
		{28EA3448-E54A-4653-B00D-8EB495FDAEC4}.Release|Any CPU.ActiveCfg = Release|Any CPU
		{28EA3448-E54A-4653-B00D-8EB495FDAEC4}.Release|Any CPU.Build.0 = Release|Any CPU
		{1D012DDA-E88D-499E-BD60-7D01C1D80779}.Debug|Any CPU.ActiveCfg = Debug|Any CPU
		{1D012DDA-E88D-499E-BD60-7D01C1D80779}.Debug|Any CPU.Build.0 = Debug|Any CPU
		{1D012DDA-E88D-499E-BD60-7D01C1D80779}.Release|Any CPU.ActiveCfg = Release|Any CPU
		{1D012DDA-E88D-499E-BD60-7D01C1D80779}.Release|Any CPU.Build.0 = Release|Any CPU
		{15C877FC-A4E3-4AA0-A133-A9A6A19A1FD5}.Debug|Any CPU.ActiveCfg = Debug|Any CPU
		{15C877FC-A4E3-4AA0-A133-A9A6A19A1FD5}.Debug|Any CPU.Build.0 = Debug|Any CPU
		{15C877FC-A4E3-4AA0-A133-A9A6A19A1FD5}.Release|Any CPU.ActiveCfg = Release|Any CPU
		{15C877FC-A4E3-4AA0-A133-A9A6A19A1FD5}.Release|Any CPU.Build.0 = Release|Any CPU
		{016A8665-F5CB-407D-A1C3-D79813B574AD}.Debug|Any CPU.ActiveCfg = Debug|Any CPU
		{016A8665-F5CB-407D-A1C3-D79813B574AD}.Debug|Any CPU.Build.0 = Debug|Any CPU
		{016A8665-F5CB-407D-A1C3-D79813B574AD}.Release|Any CPU.ActiveCfg = Release|Any CPU
		{016A8665-F5CB-407D-A1C3-D79813B574AD}.Release|Any CPU.Build.0 = Release|Any CPU
		{653F40F8-5A16-4EFB-83CE-541BF81D288B}.Debug|Any CPU.ActiveCfg = Debug|Any CPU
		{653F40F8-5A16-4EFB-83CE-541BF81D288B}.Debug|Any CPU.Build.0 = Debug|Any CPU
		{653F40F8-5A16-4EFB-83CE-541BF81D288B}.Release|Any CPU.ActiveCfg = Release|Any CPU
		{653F40F8-5A16-4EFB-83CE-541BF81D288B}.Release|Any CPU.Build.0 = Release|Any CPU
		{C5E433B9-1A11-4C51-AF95-839C40BE370C}.Debug|Any CPU.ActiveCfg = Debug|Any CPU
		{C5E433B9-1A11-4C51-AF95-839C40BE370C}.Debug|Any CPU.Build.0 = Debug|Any CPU
		{C5E433B9-1A11-4C51-AF95-839C40BE370C}.Release|Any CPU.ActiveCfg = Release|Any CPU
		{C5E433B9-1A11-4C51-AF95-839C40BE370C}.Release|Any CPU.Build.0 = Release|Any CPU
		{3067A6AC-3337-4A2E-A9AA-7EFAB68C6BDA}.Debug|Any CPU.ActiveCfg = Debug|Any CPU
		{3067A6AC-3337-4A2E-A9AA-7EFAB68C6BDA}.Debug|Any CPU.Build.0 = Debug|Any CPU
		{3067A6AC-3337-4A2E-A9AA-7EFAB68C6BDA}.Release|Any CPU.ActiveCfg = Release|Any CPU
		{3067A6AC-3337-4A2E-A9AA-7EFAB68C6BDA}.Release|Any CPU.Build.0 = Release|Any CPU
		{A1D3C0B8-BFC5-40EF-8E6C-F4A87C12F23F}.Debug|Any CPU.ActiveCfg = Debug|Any CPU
		{A1D3C0B8-BFC5-40EF-8E6C-F4A87C12F23F}.Debug|Any CPU.Build.0 = Debug|Any CPU
		{A1D3C0B8-BFC5-40EF-8E6C-F4A87C12F23F}.Release|Any CPU.ActiveCfg = Release|Any CPU
		{A1D3C0B8-BFC5-40EF-8E6C-F4A87C12F23F}.Release|Any CPU.Build.0 = Release|Any CPU
		{0950C979-463E-4A46-A2A3-3DD9D4BF4B29}.Debug|Any CPU.ActiveCfg = Debug|Any CPU
		{0950C979-463E-4A46-A2A3-3DD9D4BF4B29}.Debug|Any CPU.Build.0 = Debug|Any CPU
		{0950C979-463E-4A46-A2A3-3DD9D4BF4B29}.Release|Any CPU.ActiveCfg = Release|Any CPU
		{0950C979-463E-4A46-A2A3-3DD9D4BF4B29}.Release|Any CPU.Build.0 = Release|Any CPU
		{7F4EC5E0-1F03-4CC1-B3EE-3D761D229DA5}.Debug|Any CPU.ActiveCfg = Debug|Any CPU
		{7F4EC5E0-1F03-4CC1-B3EE-3D761D229DA5}.Debug|Any CPU.Build.0 = Debug|Any CPU
		{7F4EC5E0-1F03-4CC1-B3EE-3D761D229DA5}.Release|Any CPU.ActiveCfg = Release|Any CPU
		{7F4EC5E0-1F03-4CC1-B3EE-3D761D229DA5}.Release|Any CPU.Build.0 = Release|Any CPU
		{C72F20C7-4ECF-4DC2-9610-6CFC451D4C98}.Debug|Any CPU.ActiveCfg = Debug|Any CPU
		{C72F20C7-4ECF-4DC2-9610-6CFC451D4C98}.Debug|Any CPU.Build.0 = Debug|Any CPU
		{C72F20C7-4ECF-4DC2-9610-6CFC451D4C98}.Release|Any CPU.ActiveCfg = Release|Any CPU
		{C72F20C7-4ECF-4DC2-9610-6CFC451D4C98}.Release|Any CPU.Build.0 = Release|Any CPU
		{010B9AB8-AFD4-43C7-B2D5-9C22DD7D4837}.Debug|Any CPU.ActiveCfg = Debug|Any CPU
		{010B9AB8-AFD4-43C7-B2D5-9C22DD7D4837}.Debug|Any CPU.Build.0 = Debug|Any CPU
		{010B9AB8-AFD4-43C7-B2D5-9C22DD7D4837}.Release|Any CPU.ActiveCfg = Release|Any CPU
		{010B9AB8-AFD4-43C7-B2D5-9C22DD7D4837}.Release|Any CPU.Build.0 = Release|Any CPU
		{A4A753F4-DA0E-491F-825F-1B908E152A70}.Debug|Any CPU.ActiveCfg = Debug|Any CPU
		{A4A753F4-DA0E-491F-825F-1B908E152A70}.Debug|Any CPU.Build.0 = Debug|Any CPU
		{A4A753F4-DA0E-491F-825F-1B908E152A70}.Release|Any CPU.ActiveCfg = Release|Any CPU
		{A4A753F4-DA0E-491F-825F-1B908E152A70}.Release|Any CPU.Build.0 = Release|Any CPU
		{E49A1986-64C4-472D-89D2-49CABF4B579B}.Debug|Any CPU.ActiveCfg = Debug|Any CPU
		{E49A1986-64C4-472D-89D2-49CABF4B579B}.Debug|Any CPU.Build.0 = Debug|Any CPU
		{E49A1986-64C4-472D-89D2-49CABF4B579B}.Release|Any CPU.ActiveCfg = Release|Any CPU
		{E49A1986-64C4-472D-89D2-49CABF4B579B}.Release|Any CPU.Build.0 = Release|Any CPU
		{45A4C40C-D57A-4D0D-9105-4716DCD012CC}.Debug|Any CPU.ActiveCfg = Debug|Any CPU
		{45A4C40C-D57A-4D0D-9105-4716DCD012CC}.Debug|Any CPU.Build.0 = Debug|Any CPU
		{45A4C40C-D57A-4D0D-9105-4716DCD012CC}.Release|Any CPU.ActiveCfg = Release|Any CPU
		{45A4C40C-D57A-4D0D-9105-4716DCD012CC}.Release|Any CPU.Build.0 = Release|Any CPU
		{74D425DE-72CC-4414-9CC8-047176FE130E}.Debug|Any CPU.ActiveCfg = Debug|Any CPU
		{74D425DE-72CC-4414-9CC8-047176FE130E}.Debug|Any CPU.Build.0 = Debug|Any CPU
		{74D425DE-72CC-4414-9CC8-047176FE130E}.Release|Any CPU.ActiveCfg = Release|Any CPU
		{74D425DE-72CC-4414-9CC8-047176FE130E}.Release|Any CPU.Build.0 = Release|Any CPU
		{C3C55FAD-65C4-487F-8E47-399D5F09F55E}.Debug|Any CPU.ActiveCfg = Debug|Any CPU
		{C3C55FAD-65C4-487F-8E47-399D5F09F55E}.Debug|Any CPU.Build.0 = Debug|Any CPU
		{C3C55FAD-65C4-487F-8E47-399D5F09F55E}.Release|Any CPU.ActiveCfg = Release|Any CPU
		{C3C55FAD-65C4-487F-8E47-399D5F09F55E}.Release|Any CPU.Build.0 = Release|Any CPU
		{5F6B6BC3-E756-489B-BC26-CEC54E17915C}.Debug|Any CPU.ActiveCfg = Debug|Any CPU
		{5F6B6BC3-E756-489B-BC26-CEC54E17915C}.Debug|Any CPU.Build.0 = Debug|Any CPU
		{5F6B6BC3-E756-489B-BC26-CEC54E17915C}.Release|Any CPU.ActiveCfg = Release|Any CPU
		{5F6B6BC3-E756-489B-BC26-CEC54E17915C}.Release|Any CPU.Build.0 = Release|Any CPU
		{DD6A762F-0799-4872-9360-808AD68BEACB}.Debug|Any CPU.ActiveCfg = Debug|Any CPU
		{DD6A762F-0799-4872-9360-808AD68BEACB}.Debug|Any CPU.Build.0 = Debug|Any CPU
		{DD6A762F-0799-4872-9360-808AD68BEACB}.Release|Any CPU.ActiveCfg = Release|Any CPU
		{DD6A762F-0799-4872-9360-808AD68BEACB}.Release|Any CPU.Build.0 = Release|Any CPU
		{C76C5003-A353-4D1B-AD12-D4F6A2304FAF}.Debug|Any CPU.ActiveCfg = Debug|Any CPU
		{C76C5003-A353-4D1B-AD12-D4F6A2304FAF}.Debug|Any CPU.Build.0 = Debug|Any CPU
		{C76C5003-A353-4D1B-AD12-D4F6A2304FAF}.Release|Any CPU.ActiveCfg = Release|Any CPU
		{C76C5003-A353-4D1B-AD12-D4F6A2304FAF}.Release|Any CPU.Build.0 = Release|Any CPU
		{893B4CC5-E17C-409D-95F2-B14DF637FE0E}.Debug|Any CPU.ActiveCfg = Debug|Any CPU
		{893B4CC5-E17C-409D-95F2-B14DF637FE0E}.Debug|Any CPU.Build.0 = Debug|Any CPU
		{893B4CC5-E17C-409D-95F2-B14DF637FE0E}.Release|Any CPU.ActiveCfg = Release|Any CPU
		{893B4CC5-E17C-409D-95F2-B14DF637FE0E}.Release|Any CPU.Build.0 = Release|Any CPU
		{A96828F4-21C4-49BC-A2FB-992155F14B6E}.Debug|Any CPU.ActiveCfg = Debug|Any CPU
		{A96828F4-21C4-49BC-A2FB-992155F14B6E}.Debug|Any CPU.Build.0 = Debug|Any CPU
		{A96828F4-21C4-49BC-A2FB-992155F14B6E}.Release|Any CPU.ActiveCfg = Release|Any CPU
		{A96828F4-21C4-49BC-A2FB-992155F14B6E}.Release|Any CPU.Build.0 = Release|Any CPU
		{28982321-2860-4EFB-9FFD-BA9BF34197BB}.Debug|Any CPU.ActiveCfg = Debug|Any CPU
		{28982321-2860-4EFB-9FFD-BA9BF34197BB}.Debug|Any CPU.Build.0 = Debug|Any CPU
		{28982321-2860-4EFB-9FFD-BA9BF34197BB}.Release|Any CPU.ActiveCfg = Release|Any CPU
		{28982321-2860-4EFB-9FFD-BA9BF34197BB}.Release|Any CPU.Build.0 = Release|Any CPU
		{BC124FF6-9F00-45F4-88B0-10F51AEFE736}.Debug|Any CPU.ActiveCfg = Debug|Any CPU
		{BC124FF6-9F00-45F4-88B0-10F51AEFE736}.Debug|Any CPU.Build.0 = Debug|Any CPU
		{BC124FF6-9F00-45F4-88B0-10F51AEFE736}.Release|Any CPU.ActiveCfg = Release|Any CPU
		{BC124FF6-9F00-45F4-88B0-10F51AEFE736}.Release|Any CPU.Build.0 = Release|Any CPU
		{4AE6FFA1-3059-4ECF-8C40-9AA7FABBA95C}.Debug|Any CPU.ActiveCfg = Debug|Any CPU
		{4AE6FFA1-3059-4ECF-8C40-9AA7FABBA95C}.Debug|Any CPU.Build.0 = Debug|Any CPU
		{4AE6FFA1-3059-4ECF-8C40-9AA7FABBA95C}.Release|Any CPU.ActiveCfg = Release|Any CPU
		{4AE6FFA1-3059-4ECF-8C40-9AA7FABBA95C}.Release|Any CPU.Build.0 = Release|Any CPU
		{40076E6A-3A2A-4B47-B926-526B6B2F0A87}.Debug|Any CPU.ActiveCfg = Debug|Any CPU
		{40076E6A-3A2A-4B47-B926-526B6B2F0A87}.Debug|Any CPU.Build.0 = Debug|Any CPU
		{40076E6A-3A2A-4B47-B926-526B6B2F0A87}.Release|Any CPU.ActiveCfg = Release|Any CPU
		{40076E6A-3A2A-4B47-B926-526B6B2F0A87}.Release|Any CPU.Build.0 = Release|Any CPU
		{CE5F1FF6-D18A-4DC3-92AF-E6D591CFDA98}.Debug|Any CPU.ActiveCfg = Debug|Any CPU
		{CE5F1FF6-D18A-4DC3-92AF-E6D591CFDA98}.Debug|Any CPU.Build.0 = Debug|Any CPU
		{CE5F1FF6-D18A-4DC3-92AF-E6D591CFDA98}.Release|Any CPU.ActiveCfg = Release|Any CPU
		{CE5F1FF6-D18A-4DC3-92AF-E6D591CFDA98}.Release|Any CPU.Build.0 = Release|Any CPU
		{3166D659-409F-4D58-9B38-AAC37EE06722}.Debug|Any CPU.ActiveCfg = Debug|Any CPU
		{3166D659-409F-4D58-9B38-AAC37EE06722}.Debug|Any CPU.Build.0 = Debug|Any CPU
		{3166D659-409F-4D58-9B38-AAC37EE06722}.Release|Any CPU.ActiveCfg = Release|Any CPU
		{3166D659-409F-4D58-9B38-AAC37EE06722}.Release|Any CPU.Build.0 = Release|Any CPU
		{9A838334-7C00-43D6-845D-A3ADCECB3FFC}.Debug|Any CPU.ActiveCfg = Debug|Any CPU
		{9A838334-7C00-43D6-845D-A3ADCECB3FFC}.Debug|Any CPU.Build.0 = Debug|Any CPU
		{9A838334-7C00-43D6-845D-A3ADCECB3FFC}.Release|Any CPU.ActiveCfg = Release|Any CPU
		{9A838334-7C00-43D6-845D-A3ADCECB3FFC}.Release|Any CPU.Build.0 = Release|Any CPU
		{F952110A-2C57-4B14-8E87-E0B7D50EF8E2}.Debug|Any CPU.ActiveCfg = Debug|Any CPU
		{F952110A-2C57-4B14-8E87-E0B7D50EF8E2}.Debug|Any CPU.Build.0 = Debug|Any CPU
		{F952110A-2C57-4B14-8E87-E0B7D50EF8E2}.Release|Any CPU.ActiveCfg = Release|Any CPU
		{F952110A-2C57-4B14-8E87-E0B7D50EF8E2}.Release|Any CPU.Build.0 = Release|Any CPU
		{5AC5E60D-A5E9-4F8B-9186-E31256642FCD}.Debug|Any CPU.ActiveCfg = Debug|Any CPU
		{5AC5E60D-A5E9-4F8B-9186-E31256642FCD}.Debug|Any CPU.Build.0 = Debug|Any CPU
		{5AC5E60D-A5E9-4F8B-9186-E31256642FCD}.Release|Any CPU.ActiveCfg = Release|Any CPU
		{5AC5E60D-A5E9-4F8B-9186-E31256642FCD}.Release|Any CPU.Build.0 = Release|Any CPU
		{7AC3E411-08F1-43FA-A558-B30FAAE71BAC}.Debug|Any CPU.ActiveCfg = Debug|Any CPU
		{7AC3E411-08F1-43FA-A558-B30FAAE71BAC}.Debug|Any CPU.Build.0 = Debug|Any CPU
		{7AC3E411-08F1-43FA-A558-B30FAAE71BAC}.Release|Any CPU.ActiveCfg = Release|Any CPU
		{7AC3E411-08F1-43FA-A558-B30FAAE71BAC}.Release|Any CPU.Build.0 = Release|Any CPU
		{653FC62B-C57B-4E3E-993C-11CCC43791A8}.Debug|Any CPU.ActiveCfg = Debug|Any CPU
		{653FC62B-C57B-4E3E-993C-11CCC43791A8}.Debug|Any CPU.Build.0 = Debug|Any CPU
		{653FC62B-C57B-4E3E-993C-11CCC43791A8}.Release|Any CPU.ActiveCfg = Release|Any CPU
		{653FC62B-C57B-4E3E-993C-11CCC43791A8}.Release|Any CPU.Build.0 = Release|Any CPU
		{A78B8A7E-2DB6-4E75-A61C-47330E6DC7C1}.Debug|Any CPU.ActiveCfg = Debug|Any CPU
		{A78B8A7E-2DB6-4E75-A61C-47330E6DC7C1}.Debug|Any CPU.Build.0 = Debug|Any CPU
		{A78B8A7E-2DB6-4E75-A61C-47330E6DC7C1}.Release|Any CPU.ActiveCfg = Release|Any CPU
		{A78B8A7E-2DB6-4E75-A61C-47330E6DC7C1}.Release|Any CPU.Build.0 = Release|Any CPU
		{4C476089-5F90-4150-B735-3D5FD532C11C}.Debug|Any CPU.ActiveCfg = Debug|Any CPU
		{4C476089-5F90-4150-B735-3D5FD532C11C}.Debug|Any CPU.Build.0 = Debug|Any CPU
		{4C476089-5F90-4150-B735-3D5FD532C11C}.Release|Any CPU.ActiveCfg = Release|Any CPU
		{4C476089-5F90-4150-B735-3D5FD532C11C}.Release|Any CPU.Build.0 = Release|Any CPU
		{24732D86-816F-41D6-9291-3238DAB64338}.Debug|Any CPU.ActiveCfg = Debug|Any CPU
		{24732D86-816F-41D6-9291-3238DAB64338}.Debug|Any CPU.Build.0 = Debug|Any CPU
		{24732D86-816F-41D6-9291-3238DAB64338}.Release|Any CPU.ActiveCfg = Release|Any CPU
		{24732D86-816F-41D6-9291-3238DAB64338}.Release|Any CPU.Build.0 = Release|Any CPU
		{61920F34-F3F8-495E-A7F3-3DDB4C1C28EF}.Debug|Any CPU.ActiveCfg = Debug|Any CPU
		{61920F34-F3F8-495E-A7F3-3DDB4C1C28EF}.Debug|Any CPU.Build.0 = Debug|Any CPU
		{61920F34-F3F8-495E-A7F3-3DDB4C1C28EF}.Release|Any CPU.ActiveCfg = Release|Any CPU
		{61920F34-F3F8-495E-A7F3-3DDB4C1C28EF}.Release|Any CPU.Build.0 = Release|Any CPU
		{E9ABDFC2-B789-4B51-853B-C7E46EBC5B04}.Debug|Any CPU.ActiveCfg = Debug|Any CPU
		{E9ABDFC2-B789-4B51-853B-C7E46EBC5B04}.Debug|Any CPU.Build.0 = Debug|Any CPU
		{E9ABDFC2-B789-4B51-853B-C7E46EBC5B04}.Release|Any CPU.ActiveCfg = Release|Any CPU
		{E9ABDFC2-B789-4B51-853B-C7E46EBC5B04}.Release|Any CPU.Build.0 = Release|Any CPU
		{C34183C5-C2B9-4413-A2D2-1AEA9E1D9318}.Debug|Any CPU.ActiveCfg = Debug|Any CPU
		{C34183C5-C2B9-4413-A2D2-1AEA9E1D9318}.Debug|Any CPU.Build.0 = Debug|Any CPU
		{C34183C5-C2B9-4413-A2D2-1AEA9E1D9318}.Release|Any CPU.ActiveCfg = Release|Any CPU
		{C34183C5-C2B9-4413-A2D2-1AEA9E1D9318}.Release|Any CPU.Build.0 = Release|Any CPU
		{C4917099-FF3D-4FA5-BCFE-B5CF7E2B5EDA}.Debug|Any CPU.ActiveCfg = Debug|Any CPU
		{C4917099-FF3D-4FA5-BCFE-B5CF7E2B5EDA}.Debug|Any CPU.Build.0 = Debug|Any CPU
		{C4917099-FF3D-4FA5-BCFE-B5CF7E2B5EDA}.Release|Any CPU.ActiveCfg = Release|Any CPU
		{C4917099-FF3D-4FA5-BCFE-B5CF7E2B5EDA}.Release|Any CPU.Build.0 = Release|Any CPU
		{E8AAC8AE-DA0F-4112-8FBC-178E14BD8A1C}.Debug|Any CPU.ActiveCfg = Debug|Any CPU
		{E8AAC8AE-DA0F-4112-8FBC-178E14BD8A1C}.Debug|Any CPU.Build.0 = Debug|Any CPU
		{E8AAC8AE-DA0F-4112-8FBC-178E14BD8A1C}.Release|Any CPU.ActiveCfg = Release|Any CPU
		{E8AAC8AE-DA0F-4112-8FBC-178E14BD8A1C}.Release|Any CPU.Build.0 = Release|Any CPU
		{7EA631C9-6140-4872-9693-862800CBDC47}.Debug|Any CPU.ActiveCfg = Debug|Any CPU
		{7EA631C9-6140-4872-9693-862800CBDC47}.Debug|Any CPU.Build.0 = Debug|Any CPU
		{7EA631C9-6140-4872-9693-862800CBDC47}.Release|Any CPU.ActiveCfg = Release|Any CPU
		{7EA631C9-6140-4872-9693-862800CBDC47}.Release|Any CPU.Build.0 = Release|Any CPU
		{7D53271D-F818-4570-9379-736A3F781F1F}.Debug|Any CPU.ActiveCfg = Debug|Any CPU
		{7D53271D-F818-4570-9379-736A3F781F1F}.Debug|Any CPU.Build.0 = Debug|Any CPU
		{7D53271D-F818-4570-9379-736A3F781F1F}.Release|Any CPU.ActiveCfg = Release|Any CPU
		{7D53271D-F818-4570-9379-736A3F781F1F}.Release|Any CPU.Build.0 = Release|Any CPU
		{E08841EE-06C6-4566-890A-78637D566B5A}.Debug|Any CPU.ActiveCfg = Debug|Any CPU
		{E08841EE-06C6-4566-890A-78637D566B5A}.Debug|Any CPU.Build.0 = Debug|Any CPU
		{E08841EE-06C6-4566-890A-78637D566B5A}.Release|Any CPU.ActiveCfg = Release|Any CPU
		{E08841EE-06C6-4566-890A-78637D566B5A}.Release|Any CPU.Build.0 = Release|Any CPU
		{2623A637-77F4-48C2-9828-F0865AA4266C}.Debug|Any CPU.ActiveCfg = Debug|Any CPU
		{2623A637-77F4-48C2-9828-F0865AA4266C}.Debug|Any CPU.Build.0 = Debug|Any CPU
		{2623A637-77F4-48C2-9828-F0865AA4266C}.Release|Any CPU.ActiveCfg = Release|Any CPU
		{2623A637-77F4-48C2-9828-F0865AA4266C}.Release|Any CPU.Build.0 = Release|Any CPU
		{F1A8F6B2-B08F-4F36-B769-B3634DDEDED5}.Debug|Any CPU.ActiveCfg = Debug|Any CPU
		{F1A8F6B2-B08F-4F36-B769-B3634DDEDED5}.Debug|Any CPU.Build.0 = Debug|Any CPU
		{F1A8F6B2-B08F-4F36-B769-B3634DDEDED5}.Release|Any CPU.ActiveCfg = Release|Any CPU
		{F1A8F6B2-B08F-4F36-B769-B3634DDEDED5}.Release|Any CPU.Build.0 = Release|Any CPU
		{3365A42C-D425-4251-8FBB-2ADA79ABF660}.Debug|Any CPU.ActiveCfg = Debug|Any CPU
		{3365A42C-D425-4251-8FBB-2ADA79ABF660}.Debug|Any CPU.Build.0 = Debug|Any CPU
		{3365A42C-D425-4251-8FBB-2ADA79ABF660}.Release|Any CPU.ActiveCfg = Release|Any CPU
		{3365A42C-D425-4251-8FBB-2ADA79ABF660}.Release|Any CPU.Build.0 = Release|Any CPU
		{765601C1-0124-4A35-9871-2F75535A586B}.Debug|Any CPU.ActiveCfg = Debug|Any CPU
		{765601C1-0124-4A35-9871-2F75535A586B}.Debug|Any CPU.Build.0 = Debug|Any CPU
		{765601C1-0124-4A35-9871-2F75535A586B}.Release|Any CPU.ActiveCfg = Release|Any CPU
		{765601C1-0124-4A35-9871-2F75535A586B}.Release|Any CPU.Build.0 = Release|Any CPU
		{6C3CEFD4-3B06-4F12-B1E7-6E811861033C}.Debug|Any CPU.ActiveCfg = Debug|Any CPU
		{6C3CEFD4-3B06-4F12-B1E7-6E811861033C}.Debug|Any CPU.Build.0 = Debug|Any CPU
		{6C3CEFD4-3B06-4F12-B1E7-6E811861033C}.Release|Any CPU.ActiveCfg = Release|Any CPU
		{6C3CEFD4-3B06-4F12-B1E7-6E811861033C}.Release|Any CPU.Build.0 = Release|Any CPU
		{58ED25C5-0E62-4919-90ED-CA86A02B490F}.Debug|Any CPU.ActiveCfg = Debug|Any CPU
		{58ED25C5-0E62-4919-90ED-CA86A02B490F}.Debug|Any CPU.Build.0 = Debug|Any CPU
		{58ED25C5-0E62-4919-90ED-CA86A02B490F}.Release|Any CPU.ActiveCfg = Release|Any CPU
		{58ED25C5-0E62-4919-90ED-CA86A02B490F}.Release|Any CPU.Build.0 = Release|Any CPU
		{DE0740E6-D6ED-4CCD-8BB1-6E026B27720F}.Debug|Any CPU.ActiveCfg = Debug|Any CPU
		{DE0740E6-D6ED-4CCD-8BB1-6E026B27720F}.Debug|Any CPU.Build.0 = Debug|Any CPU
		{DE0740E6-D6ED-4CCD-8BB1-6E026B27720F}.Release|Any CPU.ActiveCfg = Release|Any CPU
		{DE0740E6-D6ED-4CCD-8BB1-6E026B27720F}.Release|Any CPU.Build.0 = Release|Any CPU
		{4DEF67CA-8A3F-4B9D-BCAA-58C4FE085522}.Debug|Any CPU.ActiveCfg = Debug|Any CPU
		{4DEF67CA-8A3F-4B9D-BCAA-58C4FE085522}.Debug|Any CPU.Build.0 = Debug|Any CPU
		{4DEF67CA-8A3F-4B9D-BCAA-58C4FE085522}.Release|Any CPU.ActiveCfg = Release|Any CPU
		{4DEF67CA-8A3F-4B9D-BCAA-58C4FE085522}.Release|Any CPU.Build.0 = Release|Any CPU
		{C1C1DFF4-2EBF-4DC7-BCA4-6AF72B6A3624}.Debug|Any CPU.ActiveCfg = Debug|Any CPU
		{C1C1DFF4-2EBF-4DC7-BCA4-6AF72B6A3624}.Debug|Any CPU.Build.0 = Debug|Any CPU
		{C1C1DFF4-2EBF-4DC7-BCA4-6AF72B6A3624}.Release|Any CPU.ActiveCfg = Release|Any CPU
		{C1C1DFF4-2EBF-4DC7-BCA4-6AF72B6A3624}.Release|Any CPU.Build.0 = Release|Any CPU
		{2505EE86-E1B8-4ABA-821B-989F4E710B76}.Debug|Any CPU.ActiveCfg = Debug|Any CPU
		{2505EE86-E1B8-4ABA-821B-989F4E710B76}.Debug|Any CPU.Build.0 = Debug|Any CPU
		{2505EE86-E1B8-4ABA-821B-989F4E710B76}.Release|Any CPU.ActiveCfg = Release|Any CPU
		{2505EE86-E1B8-4ABA-821B-989F4E710B76}.Release|Any CPU.Build.0 = Release|Any CPU
		{80BC3F50-33CC-43C4-825C-EBF773102AB0}.Debug|Any CPU.ActiveCfg = Debug|Any CPU
		{80BC3F50-33CC-43C4-825C-EBF773102AB0}.Debug|Any CPU.Build.0 = Debug|Any CPU
		{80BC3F50-33CC-43C4-825C-EBF773102AB0}.Release|Any CPU.ActiveCfg = Release|Any CPU
		{80BC3F50-33CC-43C4-825C-EBF773102AB0}.Release|Any CPU.Build.0 = Release|Any CPU
		{54899B02-A6EE-4332-8060-6302E068D72B}.Debug|Any CPU.ActiveCfg = Debug|Any CPU
		{54899B02-A6EE-4332-8060-6302E068D72B}.Debug|Any CPU.Build.0 = Debug|Any CPU
		{54899B02-A6EE-4332-8060-6302E068D72B}.Release|Any CPU.ActiveCfg = Release|Any CPU
		{54899B02-A6EE-4332-8060-6302E068D72B}.Release|Any CPU.Build.0 = Release|Any CPU
		{74BAFF78-1D64-4966-B645-AD9D429E9C23}.Debug|Any CPU.ActiveCfg = Debug|Any CPU
		{74BAFF78-1D64-4966-B645-AD9D429E9C23}.Debug|Any CPU.Build.0 = Debug|Any CPU
		{74BAFF78-1D64-4966-B645-AD9D429E9C23}.Release|Any CPU.ActiveCfg = Release|Any CPU
		{74BAFF78-1D64-4966-B645-AD9D429E9C23}.Release|Any CPU.Build.0 = Release|Any CPU
		{15073EA3-C10F-4E0B-815E-291221CF879A}.Debug|Any CPU.ActiveCfg = Debug|Any CPU
		{15073EA3-C10F-4E0B-815E-291221CF879A}.Debug|Any CPU.Build.0 = Debug|Any CPU
		{15073EA3-C10F-4E0B-815E-291221CF879A}.Release|Any CPU.ActiveCfg = Release|Any CPU
		{15073EA3-C10F-4E0B-815E-291221CF879A}.Release|Any CPU.Build.0 = Release|Any CPU
		{BA9ADACF-E848-4A4B-B192-08823E427FBB}.Debug|Any CPU.ActiveCfg = Debug|Any CPU
		{BA9ADACF-E848-4A4B-B192-08823E427FBB}.Debug|Any CPU.Build.0 = Debug|Any CPU
		{BA9ADACF-E848-4A4B-B192-08823E427FBB}.Release|Any CPU.ActiveCfg = Release|Any CPU
		{BA9ADACF-E848-4A4B-B192-08823E427FBB}.Release|Any CPU.Build.0 = Release|Any CPU
		{109D9438-0DA0-4404-84B1-D009201D7260}.Debug|Any CPU.ActiveCfg = Debug|Any CPU
		{109D9438-0DA0-4404-84B1-D009201D7260}.Debug|Any CPU.Build.0 = Debug|Any CPU
		{109D9438-0DA0-4404-84B1-D009201D7260}.Release|Any CPU.ActiveCfg = Release|Any CPU
		{109D9438-0DA0-4404-84B1-D009201D7260}.Release|Any CPU.Build.0 = Release|Any CPU
		{CE2A5A53-AEB1-4FA5-BB31-98A58A942380}.Debug|Any CPU.ActiveCfg = Debug|Any CPU
		{CE2A5A53-AEB1-4FA5-BB31-98A58A942380}.Debug|Any CPU.Build.0 = Debug|Any CPU
		{CE2A5A53-AEB1-4FA5-BB31-98A58A942380}.Release|Any CPU.ActiveCfg = Release|Any CPU
		{CE2A5A53-AEB1-4FA5-BB31-98A58A942380}.Release|Any CPU.Build.0 = Release|Any CPU
		{B45576E7-68C1-4793-8185-D123AD79D354}.Debug|Any CPU.ActiveCfg = Debug|Any CPU
		{B45576E7-68C1-4793-8185-D123AD79D354}.Debug|Any CPU.Build.0 = Debug|Any CPU
		{B45576E7-68C1-4793-8185-D123AD79D354}.Release|Any CPU.ActiveCfg = Release|Any CPU
		{B45576E7-68C1-4793-8185-D123AD79D354}.Release|Any CPU.Build.0 = Release|Any CPU
		{CAFB7E03-9E16-4CBD-8E75-B646BFD22A89}.Debug|Any CPU.ActiveCfg = Debug|Any CPU
		{CAFB7E03-9E16-4CBD-8E75-B646BFD22A89}.Debug|Any CPU.Build.0 = Debug|Any CPU
		{CAFB7E03-9E16-4CBD-8E75-B646BFD22A89}.Release|Any CPU.ActiveCfg = Release|Any CPU
		{CAFB7E03-9E16-4CBD-8E75-B646BFD22A89}.Release|Any CPU.Build.0 = Release|Any CPU
		{B16C0890-42D8-4510-A59A-1C1602F4D9DD}.Debug|Any CPU.ActiveCfg = Debug|Any CPU
		{B16C0890-42D8-4510-A59A-1C1602F4D9DD}.Debug|Any CPU.Build.0 = Debug|Any CPU
		{B16C0890-42D8-4510-A59A-1C1602F4D9DD}.Release|Any CPU.ActiveCfg = Release|Any CPU
		{B16C0890-42D8-4510-A59A-1C1602F4D9DD}.Release|Any CPU.Build.0 = Release|Any CPU
		{A80B2885-5159-44B1-8630-EF92748FA100}.Debug|Any CPU.ActiveCfg = Debug|Any CPU
		{A80B2885-5159-44B1-8630-EF92748FA100}.Debug|Any CPU.Build.0 = Debug|Any CPU
		{A80B2885-5159-44B1-8630-EF92748FA100}.Release|Any CPU.ActiveCfg = Release|Any CPU
		{A80B2885-5159-44B1-8630-EF92748FA100}.Release|Any CPU.Build.0 = Release|Any CPU
		{B9FFBB9C-A6C1-4CBF-908A-000B42A1ECC9}.Debug|Any CPU.ActiveCfg = Debug|Any CPU
		{B9FFBB9C-A6C1-4CBF-908A-000B42A1ECC9}.Debug|Any CPU.Build.0 = Debug|Any CPU
		{B9FFBB9C-A6C1-4CBF-908A-000B42A1ECC9}.Release|Any CPU.ActiveCfg = Release|Any CPU
		{B9FFBB9C-A6C1-4CBF-908A-000B42A1ECC9}.Release|Any CPU.Build.0 = Release|Any CPU
		{00F644B6-5FC3-41CA-A6FE-BAEC59C8EA22}.Debug|Any CPU.ActiveCfg = Debug|Any CPU
		{00F644B6-5FC3-41CA-A6FE-BAEC59C8EA22}.Debug|Any CPU.Build.0 = Debug|Any CPU
		{00F644B6-5FC3-41CA-A6FE-BAEC59C8EA22}.Release|Any CPU.ActiveCfg = Release|Any CPU
		{00F644B6-5FC3-41CA-A6FE-BAEC59C8EA22}.Release|Any CPU.Build.0 = Release|Any CPU
		{8458E3FA-EA67-47F5-A6C2-E923E07AC63E}.Debug|Any CPU.ActiveCfg = Debug|Any CPU
		{8458E3FA-EA67-47F5-A6C2-E923E07AC63E}.Debug|Any CPU.Build.0 = Debug|Any CPU
		{8458E3FA-EA67-47F5-A6C2-E923E07AC63E}.Release|Any CPU.ActiveCfg = Release|Any CPU
		{8458E3FA-EA67-47F5-A6C2-E923E07AC63E}.Release|Any CPU.Build.0 = Release|Any CPU
		{351B30F3-57DD-44BB-9764-3E23C2C4F05E}.Debug|Any CPU.ActiveCfg = Debug|Any CPU
		{351B30F3-57DD-44BB-9764-3E23C2C4F05E}.Debug|Any CPU.Build.0 = Debug|Any CPU
		{351B30F3-57DD-44BB-9764-3E23C2C4F05E}.Release|Any CPU.ActiveCfg = Release|Any CPU
		{351B30F3-57DD-44BB-9764-3E23C2C4F05E}.Release|Any CPU.Build.0 = Release|Any CPU
		{752FC082-98C8-459B-BB0E-A6076402620F}.Debug|Any CPU.ActiveCfg = Debug|Any CPU
		{752FC082-98C8-459B-BB0E-A6076402620F}.Debug|Any CPU.Build.0 = Debug|Any CPU
		{752FC082-98C8-459B-BB0E-A6076402620F}.Release|Any CPU.ActiveCfg = Release|Any CPU
		{752FC082-98C8-459B-BB0E-A6076402620F}.Release|Any CPU.Build.0 = Release|Any CPU
		{275357B4-9B09-4E08-B0E2-148DE57A0770}.Debug|Any CPU.ActiveCfg = Debug|Any CPU
		{275357B4-9B09-4E08-B0E2-148DE57A0770}.Debug|Any CPU.Build.0 = Debug|Any CPU
		{275357B4-9B09-4E08-B0E2-148DE57A0770}.Release|Any CPU.ActiveCfg = Release|Any CPU
		{275357B4-9B09-4E08-B0E2-148DE57A0770}.Release|Any CPU.Build.0 = Release|Any CPU
		{325E8170-4F39-4E66-913B-FD211FCC8139}.Debug|Any CPU.ActiveCfg = Debug|Any CPU
		{325E8170-4F39-4E66-913B-FD211FCC8139}.Debug|Any CPU.Build.0 = Debug|Any CPU
		{325E8170-4F39-4E66-913B-FD211FCC8139}.Release|Any CPU.ActiveCfg = Release|Any CPU
		{325E8170-4F39-4E66-913B-FD211FCC8139}.Release|Any CPU.Build.0 = Release|Any CPU
		{9A0D8E8A-EE93-4CB8-9EA9-6172F484BA9E}.Debug|Any CPU.ActiveCfg = Debug|Any CPU
		{9A0D8E8A-EE93-4CB8-9EA9-6172F484BA9E}.Debug|Any CPU.Build.0 = Debug|Any CPU
		{9A0D8E8A-EE93-4CB8-9EA9-6172F484BA9E}.Release|Any CPU.ActiveCfg = Release|Any CPU
		{9A0D8E8A-EE93-4CB8-9EA9-6172F484BA9E}.Release|Any CPU.Build.0 = Release|Any CPU
		{CAAF0366-17DF-4C28-A6B9-B2CE83D88B00}.Debug|Any CPU.ActiveCfg = Debug|Any CPU
		{CAAF0366-17DF-4C28-A6B9-B2CE83D88B00}.Debug|Any CPU.Build.0 = Debug|Any CPU
		{CAAF0366-17DF-4C28-A6B9-B2CE83D88B00}.Release|Any CPU.ActiveCfg = Release|Any CPU
		{CAAF0366-17DF-4C28-A6B9-B2CE83D88B00}.Release|Any CPU.Build.0 = Release|Any CPU
		{C4A0FA1A-B997-4EA5-87CF-98454EA49A66}.Debug|Any CPU.ActiveCfg = Debug|Any CPU
		{C4A0FA1A-B997-4EA5-87CF-98454EA49A66}.Debug|Any CPU.Build.0 = Debug|Any CPU
		{C4A0FA1A-B997-4EA5-87CF-98454EA49A66}.Release|Any CPU.ActiveCfg = Release|Any CPU
		{C4A0FA1A-B997-4EA5-87CF-98454EA49A66}.Release|Any CPU.Build.0 = Release|Any CPU
		{034339EE-C027-409C-9E33-1A34CE135244}.Debug|Any CPU.ActiveCfg = Debug|Any CPU
		{034339EE-C027-409C-9E33-1A34CE135244}.Debug|Any CPU.Build.0 = Debug|Any CPU
		{034339EE-C027-409C-9E33-1A34CE135244}.Release|Any CPU.ActiveCfg = Release|Any CPU
		{034339EE-C027-409C-9E33-1A34CE135244}.Release|Any CPU.Build.0 = Release|Any CPU
		{F2364F73-8DB1-4144-9944-A8B8C2D871BC}.Debug|Any CPU.ActiveCfg = Debug|Any CPU
		{F2364F73-8DB1-4144-9944-A8B8C2D871BC}.Debug|Any CPU.Build.0 = Debug|Any CPU
		{F2364F73-8DB1-4144-9944-A8B8C2D871BC}.Release|Any CPU.ActiveCfg = Release|Any CPU
		{F2364F73-8DB1-4144-9944-A8B8C2D871BC}.Release|Any CPU.Build.0 = Release|Any CPU
		{9583685F-30E6-4F70-A59A-FC349EC23514}.Debug|Any CPU.ActiveCfg = Debug|Any CPU
		{9583685F-30E6-4F70-A59A-FC349EC23514}.Debug|Any CPU.Build.0 = Debug|Any CPU
		{9583685F-30E6-4F70-A59A-FC349EC23514}.Release|Any CPU.ActiveCfg = Release|Any CPU
		{9583685F-30E6-4F70-A59A-FC349EC23514}.Release|Any CPU.Build.0 = Release|Any CPU
		{ED14920E-BE8D-4CE9-8443-07368F2FBAE4}.Debug|Any CPU.ActiveCfg = Debug|Any CPU
		{ED14920E-BE8D-4CE9-8443-07368F2FBAE4}.Debug|Any CPU.Build.0 = Debug|Any CPU
		{ED14920E-BE8D-4CE9-8443-07368F2FBAE4}.Release|Any CPU.ActiveCfg = Release|Any CPU
		{ED14920E-BE8D-4CE9-8443-07368F2FBAE4}.Release|Any CPU.Build.0 = Release|Any CPU
		{C390E6FD-C6DB-47D8-BA5F-DAE3AC11C58F}.Debug|Any CPU.ActiveCfg = Debug|Any CPU
		{C390E6FD-C6DB-47D8-BA5F-DAE3AC11C58F}.Debug|Any CPU.Build.0 = Debug|Any CPU
		{C390E6FD-C6DB-47D8-BA5F-DAE3AC11C58F}.Release|Any CPU.ActiveCfg = Release|Any CPU
		{C390E6FD-C6DB-47D8-BA5F-DAE3AC11C58F}.Release|Any CPU.Build.0 = Release|Any CPU
		{3F59B926-032E-4C0A-A6AD-37CE9FC120A2}.Debug|Any CPU.ActiveCfg = Debug|Any CPU
		{3F59B926-032E-4C0A-A6AD-37CE9FC120A2}.Debug|Any CPU.Build.0 = Debug|Any CPU
		{3F59B926-032E-4C0A-A6AD-37CE9FC120A2}.Release|Any CPU.ActiveCfg = Release|Any CPU
		{3F59B926-032E-4C0A-A6AD-37CE9FC120A2}.Release|Any CPU.Build.0 = Release|Any CPU
		{27750809-C1D8-4FAA-85E4-521ACE307640}.Debug|Any CPU.ActiveCfg = Debug|Any CPU
		{27750809-C1D8-4FAA-85E4-521ACE307640}.Debug|Any CPU.Build.0 = Debug|Any CPU
		{27750809-C1D8-4FAA-85E4-521ACE307640}.Release|Any CPU.ActiveCfg = Release|Any CPU
		{27750809-C1D8-4FAA-85E4-521ACE307640}.Release|Any CPU.Build.0 = Release|Any CPU
		{923630D1-15D2-4C9A-AD20-3EFC23281899}.Debug|Any CPU.ActiveCfg = Debug|Any CPU
		{923630D1-15D2-4C9A-AD20-3EFC23281899}.Debug|Any CPU.Build.0 = Debug|Any CPU
		{923630D1-15D2-4C9A-AD20-3EFC23281899}.Release|Any CPU.ActiveCfg = Release|Any CPU
		{923630D1-15D2-4C9A-AD20-3EFC23281899}.Release|Any CPU.Build.0 = Release|Any CPU
		{B00E681B-B26B-4FF6-B08E-5B06C84AF77B}.Debug|Any CPU.ActiveCfg = Debug|Any CPU
		{B00E681B-B26B-4FF6-B08E-5B06C84AF77B}.Debug|Any CPU.Build.0 = Debug|Any CPU
		{B00E681B-B26B-4FF6-B08E-5B06C84AF77B}.Release|Any CPU.ActiveCfg = Release|Any CPU
		{B00E681B-B26B-4FF6-B08E-5B06C84AF77B}.Release|Any CPU.Build.0 = Release|Any CPU
		{08B66995-2ED6-497D-A7D6-DEF92244EA2B}.Debug|Any CPU.ActiveCfg = Debug|Any CPU
		{08B66995-2ED6-497D-A7D6-DEF92244EA2B}.Debug|Any CPU.Build.0 = Debug|Any CPU
		{08B66995-2ED6-497D-A7D6-DEF92244EA2B}.Release|Any CPU.ActiveCfg = Release|Any CPU
		{08B66995-2ED6-497D-A7D6-DEF92244EA2B}.Release|Any CPU.Build.0 = Release|Any CPU
		{9CCC8FB2-C7BF-4CFE-BAA9-DCD048D94470}.Debug|Any CPU.ActiveCfg = Debug|Any CPU
		{9CCC8FB2-C7BF-4CFE-BAA9-DCD048D94470}.Debug|Any CPU.Build.0 = Debug|Any CPU
		{9CCC8FB2-C7BF-4CFE-BAA9-DCD048D94470}.Release|Any CPU.ActiveCfg = Release|Any CPU
		{9CCC8FB2-C7BF-4CFE-BAA9-DCD048D94470}.Release|Any CPU.Build.0 = Release|Any CPU
		{36B9B7A7-48A7-49CF-92FF-1F196BBFD6A2}.Debug|Any CPU.ActiveCfg = Debug|Any CPU
		{36B9B7A7-48A7-49CF-92FF-1F196BBFD6A2}.Debug|Any CPU.Build.0 = Debug|Any CPU
		{36B9B7A7-48A7-49CF-92FF-1F196BBFD6A2}.Release|Any CPU.ActiveCfg = Release|Any CPU
		{36B9B7A7-48A7-49CF-92FF-1F196BBFD6A2}.Release|Any CPU.Build.0 = Release|Any CPU
		{FB08471E-E6E3-46B9-BD97-6D04BDC9E8D8}.Debug|Any CPU.ActiveCfg = Debug|Any CPU
		{FB08471E-E6E3-46B9-BD97-6D04BDC9E8D8}.Debug|Any CPU.Build.0 = Debug|Any CPU
		{FB08471E-E6E3-46B9-BD97-6D04BDC9E8D8}.Release|Any CPU.ActiveCfg = Release|Any CPU
		{FB08471E-E6E3-46B9-BD97-6D04BDC9E8D8}.Release|Any CPU.Build.0 = Release|Any CPU
		{B16C0DE0-9D29-4575-98AE-64669179058D}.Debug|Any CPU.ActiveCfg = Debug|Any CPU
		{B16C0DE0-9D29-4575-98AE-64669179058D}.Debug|Any CPU.Build.0 = Debug|Any CPU
		{B16C0DE0-9D29-4575-98AE-64669179058D}.Release|Any CPU.ActiveCfg = Release|Any CPU
		{B16C0DE0-9D29-4575-98AE-64669179058D}.Release|Any CPU.Build.0 = Release|Any CPU
		{5EAFF03A-ED58-4A8D-BD73-82F7DF021F45}.Debug|Any CPU.ActiveCfg = Debug|Any CPU
		{5EAFF03A-ED58-4A8D-BD73-82F7DF021F45}.Debug|Any CPU.Build.0 = Debug|Any CPU
		{5EAFF03A-ED58-4A8D-BD73-82F7DF021F45}.Release|Any CPU.ActiveCfg = Release|Any CPU
		{5EAFF03A-ED58-4A8D-BD73-82F7DF021F45}.Release|Any CPU.Build.0 = Release|Any CPU
		{44AAF4AA-C116-466D-B13E-111003865E75}.Debug|Any CPU.ActiveCfg = Debug|Any CPU
		{44AAF4AA-C116-466D-B13E-111003865E75}.Debug|Any CPU.Build.0 = Debug|Any CPU
		{44AAF4AA-C116-466D-B13E-111003865E75}.Release|Any CPU.ActiveCfg = Release|Any CPU
		{44AAF4AA-C116-466D-B13E-111003865E75}.Release|Any CPU.Build.0 = Release|Any CPU
	EndGlobalSection
	GlobalSection(SolutionProperties) = preSolution
		HideSolutionNode = FALSE
	EndGlobalSection
	GlobalSection(ExtensibilityGlobals) = postSolution
		SolutionGuid = {EF9CEF1B-94F3-4A78-8DE1-FBB39BBA13A4}
	EndGlobalSection
EndGlobal
